
Microsoft Visual Studio Solution File, Format Version 12.00
# Visual Studio Version 17
VisualStudioVersion = 17.3.32922.545
MinimumVisualStudioVersion = 10.0.40219.1
Project("{8BC9CEB8-8B4A-11D0-8D11-00A0C91BC942}") = "jcqt3DTest", "jcqt3DTest\jcqt3DTest.vcxproj", "{2FAE2C26-0EDF-4BE9-8EAF-122F4A548B0F}"
	ProjectSection(ProjectDependencies) = postProject
		{385C7436-A2AB-4D0D-9030-CF422D15C464} = {385C7436-A2AB-4D0D-9030-CF422D15C464}
	EndProjectSection
EndProject
Project("{8BC9CEB8-8B4A-11D0-8D11-00A0C91BC942}") = "jcqtOpenGL", "jcqtOpenGL\jcqtOpenGL.vcxproj", "{385C7436-A2AB-4D0D-9030-CF422D15C464}"
EndProject
Project("{8BC9CEB8-8B4A-11D0-8D11-00A0C91BC942}") = "glTFLoader", "glTFLoader\glTFLoader.vcxproj", "{7141C427-AE5C-4EC5-B96F-079DCAA1CB39}"
EndProject
Project("{8BC9CEB8-8B4A-11D0-8D11-00A0C91BC942}") = "gli_dummy", "extern\gli\build\gli\gli_dummy.vcxproj", "{16FDEEDA-AD1E-3BD9-BDA1-5AA3FB695983}"
EndProject
Global
	GlobalSection(SolutionConfigurationPlatforms) = preSolution
		Debug|x64 = Debug|x64
		Debug|x86 = Debug|x86
		MinSizeRel|x64 = MinSizeRel|x64
		MinSizeRel|x86 = MinSizeRel|x86
		Release|x64 = Release|x64
		Release|x86 = Release|x86
		RelWithDebInfo|x64 = RelWithDebInfo|x64
		RelWithDebInfo|x86 = RelWithDebInfo|x86
	EndGlobalSection
	GlobalSection(ProjectConfigurationPlatforms) = postSolution
		{2FAE2C26-0EDF-4BE9-8EAF-122F4A548B0F}.Debug|x64.ActiveCfg = Debug|x64
		{2FAE2C26-0EDF-4BE9-8EAF-122F4A548B0F}.Debug|x64.Build.0 = Debug|x64
		{2FAE2C26-0EDF-4BE9-8EAF-122F4A548B0F}.Debug|x86.ActiveCfg = Debug|x64
		{2FAE2C26-0EDF-4BE9-8EAF-122F4A548B0F}.Debug|x86.Build.0 = Debug|x64
		{2FAE2C26-0EDF-4BE9-8EAF-122F4A548B0F}.MinSizeRel|x64.ActiveCfg = Release|x64
		{2FAE2C26-0EDF-4BE9-8EAF-122F4A548B0F}.MinSizeRel|x64.Build.0 = Release|x64
		{2FAE2C26-0EDF-4BE9-8EAF-122F4A548B0F}.MinSizeRel|x86.ActiveCfg = Release|x64
		{2FAE2C26-0EDF-4BE9-8EAF-122F4A548B0F}.MinSizeRel|x86.Build.0 = Release|x64
		{2FAE2C26-0EDF-4BE9-8EAF-122F4A548B0F}.Release|x64.ActiveCfg = Release|x64
		{2FAE2C26-0EDF-4BE9-8EAF-122F4A548B0F}.Release|x64.Build.0 = Release|x64
		{2FAE2C26-0EDF-4BE9-8EAF-122F4A548B0F}.Release|x86.ActiveCfg = Release|x64
		{2FAE2C26-0EDF-4BE9-8EAF-122F4A548B0F}.Release|x86.Build.0 = Release|x64
		{2FAE2C26-0EDF-4BE9-8EAF-122F4A548B0F}.RelWithDebInfo|x64.ActiveCfg = Release|x64
		{2FAE2C26-0EDF-4BE9-8EAF-122F4A548B0F}.RelWithDebInfo|x64.Build.0 = Release|x64
		{2FAE2C26-0EDF-4BE9-8EAF-122F4A548B0F}.RelWithDebInfo|x86.ActiveCfg = Release|x64
		{2FAE2C26-0EDF-4BE9-8EAF-122F4A548B0F}.RelWithDebInfo|x86.Build.0 = Release|x64
		{385C7436-A2AB-4D0D-9030-CF422D15C464}.Debug|x64.ActiveCfg = Debug|x64
		{385C7436-A2AB-4D0D-9030-CF422D15C464}.Debug|x64.Build.0 = Debug|x64
		{385C7436-A2AB-4D0D-9030-CF422D15C464}.Debug|x86.ActiveCfg = Debug|x64
		{385C7436-A2AB-4D0D-9030-CF422D15C464}.Debug|x86.Build.0 = Debug|x64
		{385C7436-A2AB-4D0D-9030-CF422D15C464}.MinSizeRel|x64.ActiveCfg = Release|x64
		{385C7436-A2AB-4D0D-9030-CF422D15C464}.MinSizeRel|x64.Build.0 = Release|x64
		{385C7436-A2AB-4D0D-9030-CF422D15C464}.MinSizeRel|x86.ActiveCfg = Release|x64
		{385C7436-A2AB-4D0D-9030-CF422D15C464}.MinSizeRel|x86.Build.0 = Release|x64
		{385C7436-A2AB-4D0D-9030-CF422D15C464}.Release|x64.ActiveCfg = Release|x64
		{385C7436-A2AB-4D0D-9030-CF422D15C464}.Release|x64.Build.0 = Release|x64
		{385C7436-A2AB-4D0D-9030-CF422D15C464}.Release|x86.ActiveCfg = Release|x64
		{385C7436-A2AB-4D0D-9030-CF422D15C464}.Release|x86.Build.0 = Release|x64
		{385C7436-A2AB-4D0D-9030-CF422D15C464}.RelWithDebInfo|x64.ActiveCfg = Release|x64
		{385C7436-A2AB-4D0D-9030-CF422D15C464}.RelWithDebInfo|x64.Build.0 = Release|x64
		{385C7436-A2AB-4D0D-9030-CF422D15C464}.RelWithDebInfo|x86.ActiveCfg = Release|x64
		{385C7436-A2AB-4D0D-9030-CF422D15C464}.RelWithDebInfo|x86.Build.0 = Release|x64
		{7141C427-AE5C-4EC5-B96F-079DCAA1CB39}.Debug|x64.ActiveCfg = Debug|x64
		{7141C427-AE5C-4EC5-B96F-079DCAA1CB39}.Debug|x64.Build.0 = Debug|x64
		{7141C427-AE5C-4EC5-B96F-079DCAA1CB39}.Debug|x86.ActiveCfg = Debug|x64
		{7141C427-AE5C-4EC5-B96F-079DCAA1CB39}.Debug|x86.Build.0 = Debug|x64
		{7141C427-AE5C-4EC5-B96F-079DCAA1CB39}.MinSizeRel|x64.ActiveCfg = Release|x64
		{7141C427-AE5C-4EC5-B96F-079DCAA1CB39}.MinSizeRel|x64.Build.0 = Release|x64
		{7141C427-AE5C-4EC5-B96F-079DCAA1CB39}.MinSizeRel|x86.ActiveCfg = Release|x64
		{7141C427-AE5C-4EC5-B96F-079DCAA1CB39}.MinSizeRel|x86.Build.0 = Release|x64
		{7141C427-AE5C-4EC5-B96F-079DCAA1CB39}.Release|x64.ActiveCfg = Release|x64
		{7141C427-AE5C-4EC5-B96F-079DCAA1CB39}.Release|x64.Build.0 = Release|x64
		{7141C427-AE5C-4EC5-B96F-079DCAA1CB39}.Release|x86.ActiveCfg = Release|x64
		{7141C427-AE5C-4EC5-B96F-079DCAA1CB39}.Release|x86.Build.0 = Release|x64
		{7141C427-AE5C-4EC5-B96F-079DCAA1CB39}.RelWithDebInfo|x64.ActiveCfg = Release|x64
		{7141C427-AE5C-4EC5-B96F-079DCAA1CB39}.RelWithDebInfo|x64.Build.0 = Release|x64
		{7141C427-AE5C-4EC5-B96F-079DCAA1CB39}.RelWithDebInfo|x86.ActiveCfg = Release|x64
		{7141C427-AE5C-4EC5-B96F-079DCAA1CB39}.RelWithDebInfo|x86.Build.0 = Release|x64
		{16FDEEDA-AD1E-3BD9-BDA1-5AA3FB695983}.Debug|x64.ActiveCfg = Debug|x64
		{16FDEEDA-AD1E-3BD9-BDA1-5AA3FB695983}.Debug|x64.Build.0 = Debug|x64
		{16FDEEDA-AD1E-3BD9-BDA1-5AA3FB695983}.Debug|x86.ActiveCfg = Debug|x64
		{16FDEEDA-AD1E-3BD9-BDA1-5AA3FB695983}.Debug|x86.Build.0 = Debug|x64
		{16FDEEDA-AD1E-3BD9-BDA1-5AA3FB695983}.MinSizeRel|x64.ActiveCfg = MinSizeRel|x64
		{16FDEEDA-AD1E-3BD9-BDA1-5AA3FB695983}.MinSizeRel|x64.Build.0 = MinSizeRel|x64
		{16FDEEDA-AD1E-3BD9-BDA1-5AA3FB695983}.MinSizeRel|x86.ActiveCfg = MinSizeRel|x64
		{16FDEEDA-AD1E-3BD9-BDA1-5AA3FB695983}.MinSizeRel|x86.Build.0 = MinSizeRel|x64
		{16FDEEDA-AD1E-3BD9-BDA1-5AA3FB695983}.Release|x64.ActiveCfg = Release|x64
		{16FDEEDA-AD1E-3BD9-BDA1-5AA3FB695983}.Release|x64.Build.0 = Release|x64
		{16FDEEDA-AD1E-3BD9-BDA1-5AA3FB695983}.Release|x86.ActiveCfg = Release|x64
		{16FDEEDA-AD1E-3BD9-BDA1-5AA3FB695983}.Release|x86.Build.0 = Release|x64
		{16FDEEDA-AD1E-3BD9-BDA1-5AA3FB695983}.RelWithDebInfo|x64.ActiveCfg = RelWithDebInfo|x64
		{16FDEEDA-AD1E-3BD9-BDA1-5AA3FB695983}.RelWithDebInfo|x64.Build.0 = RelWithDebInfo|x64
		{16FDEEDA-AD1E-3BD9-BDA1-5AA3FB695983}.RelWithDebInfo|x86.ActiveCfg = RelWithDebInfo|x64
		{16FDEEDA-AD1E-3BD9-BDA1-5AA3FB695983}.RelWithDebInfo|x86.Build.0 = RelWithDebInfo|x64
	EndGlobalSection
	GlobalSection(SolutionProperties) = preSolution
		HideSolutionNode = FALSE
	EndGlobalSection
	GlobalSection(ExtensibilityGlobals) = postSolution
		SolutionGuid = {05E5D28A-6003-4D2F-9BD3-651FCEFDFAE0}
	EndGlobalSection
EndGlobal
